
Microsoft Visual Studio Solution File, Format Version 12.00
# Visual Studio 15
VisualStudioVersion = 15.0.28010.2026
MinimumVisualStudioVersion = 10.0.40219.1
Project("{FAE04EC0-301F-11D3-BF4B-00C04F79EFBC}") = "DAL", "DAL\DAL.csproj", "{05874582-FB2B-40BE-A7EC-646B53ED6FBF}"
EndProject
Project("{FAE04EC0-301F-11D3-BF4B-00C04F79EFBC}") = "BLL", "BLL\BLL.csproj", "{7097117E-5704-4860-9923-1D309D2FAC8B}"
EndProject
Project("{FAE04EC0-301F-11D3-BF4B-00C04F79EFBC}") = "COMMON", "COMMON\COMMON.csproj", "{D05E8DC8-86AF-45FE-9552-E4CD009E65DD}"
EndProject
Project("{FAE04EC0-301F-11D3-BF4B-00C04F79EFBC}") = "API", "WEB API\API.csproj", "{BCA6F235-1CBE-4068-8E2B-EFA9DE084BE5}"
EndProject
Global
	GlobalSection(SolutionConfigurationPlatforms) = preSolution
		Debug|Any CPU = Debug|Any CPU
		Release|Any CPU = Release|Any CPU
	EndGlobalSection
	GlobalSection(ProjectConfigurationPlatforms) = postSolution
		{05874582-FB2B-40BE-A7EC-646B53ED6FBF}.Debug|Any CPU.ActiveCfg = Debug|Any CPU
		{05874582-FB2B-40BE-A7EC-646B53ED6FBF}.Debug|Any CPU.Build.0 = Debug|Any CPU
		{05874582-FB2B-40BE-A7EC-646B53ED6FBF}.Release|Any CPU.ActiveCfg = Release|Any CPU
		{05874582-FB2B-40BE-A7EC-646B53ED6FBF}.Release|Any CPU.Build.0 = Release|Any CPU
		{7097117E-5704-4860-9923-1D309D2FAC8B}.Debug|Any CPU.ActiveCfg = Debug|Any CPU
		{7097117E-5704-4860-9923-1D309D2FAC8B}.Debug|Any CPU.Build.0 = Debug|Any CPU
		{7097117E-5704-4860-9923-1D309D2FAC8B}.Release|Any CPU.ActiveCfg = Release|Any CPU
		{7097117E-5704-4860-9923-1D309D2FAC8B}.Release|Any CPU.Build.0 = Release|Any CPU
		{D05E8DC8-86AF-45FE-9552-E4CD009E65DD}.Debug|Any CPU.ActiveCfg = Debug|Any CPU
		{D05E8DC8-86AF-45FE-9552-E4CD009E65DD}.Debug|Any CPU.Build.0 = Debug|Any CPU
		{D05E8DC8-86AF-45FE-9552-E4CD009E65DD}.Release|Any CPU.ActiveCfg = Release|Any CPU
		{D05E8DC8-86AF-45FE-9552-E4CD009E65DD}.Release|Any CPU.Build.0 = Release|Any CPU
		{BCA6F235-1CBE-4068-8E2B-EFA9DE084BE5}.Debug|Any CPU.ActiveCfg = Debug|Any CPU
		{BCA6F235-1CBE-4068-8E2B-EFA9DE084BE5}.Debug|Any CPU.Build.0 = Debug|Any CPU
		{BCA6F235-1CBE-4068-8E2B-EFA9DE084BE5}.Release|Any CPU.ActiveCfg = Release|Any CPU
		{BCA6F235-1CBE-4068-8E2B-EFA9DE084BE5}.Release|Any CPU.Build.0 = Release|Any CPU
	EndGlobalSection
	GlobalSection(SolutionProperties) = preSolution
		HideSolutionNode = FALSE
	EndGlobalSection
	GlobalSection(ExtensibilityGlobals) = postSolution
		SolutionGuid = {20AF11A3-7634-403A-8502-0F4D644B97EE}
	EndGlobalSection
EndGlobal
